
Microsoft Visual Studio Solution File, Format Version 12.00
# Visual Studio 15
VisualStudioVersion = 15.0.28307.852
MinimumVisualStudioVersion = 10.0.40219.1
Project("{8BC9CEB8-8B4A-11D0-8D11-00A0C91BC942}") = "01-DepthTesting", "01-DepthTesting.vcxproj", "{46B20CE7-C0F2-4761-B9C4-0D87CAE04A03}"
EndProject
Global
	GlobalSection(SolutionConfigurationPlatforms) = preSolution
		Debug|x64 = Debug|x64
		Debug|x86 = Debug|x86
		Release|x64 = Release|x64
		Release|x86 = Release|x86
	EndGlobalSection
	GlobalSection(ProjectConfigurationPlatforms) = postSolution
		{46B20CE7-C0F2-4761-B9C4-0D87CAE04A03}.Debug|x64.ActiveCfg = Debug|x64
		{46B20CE7-C0F2-4761-B9C4-0D87CAE04A03}.Debug|x64.Build.0 = Debug|x64
		{46B20CE7-C0F2-4761-B9C4-0D87CAE04A03}.Debug|x86.ActiveCfg = Debug|Win32
		{46B20CE7-C0F2-4761-B9C4-0D87CAE04A03}.Debug|x86.Build.0 = Debug|Win32
		{46B20CE7-C0F2-4761-B9C4-0D87CAE04A03}.Release|x64.ActiveCfg = Release|x64
		{46B20CE7-C0F2-4761-B9C4-0D87CAE04A03}.Release|x64.Build.0 = Release|x64
		{46B20CE7-C0F2-4761-B9C4-0D87CAE04A03}.Release|x86.ActiveCfg = Release|Win32
		{46B20CE7-C0F2-4761-B9C4-0D87CAE04A03}.Release|x86.Build.0 = Release|Win32
	EndGlobalSection
	GlobalSection(SolutionProperties) = preSolution
		HideSolutionNode = FALSE
	EndGlobalSection
	GlobalSection(ExtensibilityGlobals) = postSolution
		SolutionGuid = {35504A78-4D84-4F6C-B1A3-BB121C843DFC}
	EndGlobalSection
EndGlobal
